{
  "name": "fireroad-warehouse",
  "version": "1.0.0",
  "lockfileVersion": 2,
  "requires": true,
  "packages": {
    "": {
      "name": "fireroad-warehouse",
      "version": "1.0.0",
      "license": "MIT",
      "dependencies": {
        "@types/oracledb": "^5.2.4",
        "dotenv": "^16.0.3",
        "oracledb": "^5.5.0",
        "typescript": "^5.0.2"
      }
    },
    "node_modules/@types/node": {
      "version": "18.15.3",
      "resolved": "https://registry.npmjs.org/@types/node/-/node-18.15.3.tgz",
      "integrity": "sha512-p6ua9zBxz5otCmbpb5D3U4B5Nanw6Pk3PPyX05xnxbB/fRv71N7CPmORg7uAD5P70T0xmx1pzAx/FUfa5X+3cw=="
    },
    "node_modules/@types/oracledb": {
      "version": "5.2.4",
      "resolved": "https://registry.npmjs.org/@types/oracledb/-/oracledb-5.2.4.tgz",
      "integrity": "sha512-LalV4PvjLZtNERITHyXlPLhZvE4O8HKCRZz46reIj5QV+gpVFLtAr05Ghsg53Ujk03ldK6itUyVNITELSRluZA==",
      "dependencies": {
        "@types/node": "*",
        "dotenv": "^8.2.0"
      }
    },
    "node_modules/@types/oracledb/node_modules/dotenv": {
      "version": "8.6.0",
      "resolved": "https://registry.npmjs.org/dotenv/-/dotenv-8.6.0.tgz",
      "integrity": "sha512-IrPdXQsk2BbzvCBGBOTmmSH5SodmqZNt4ERAZDmW4CT+tL8VtvinqywuANaFu4bOMWki16nqf0e4oC0QIaDr/g==",
      "engines": {
        "node": ">=10"
      }
    },
    "node_modules/dotenv": {
      "version": "16.0.3",
      "resolved": "https://registry.npmjs.org/dotenv/-/dotenv-16.0.3.tgz",
      "integrity": "sha512-7GO6HghkA5fYG9TYnNxi14/7K9f5occMlp3zXAuSxn7CKCxt9xbNWG7yF8hTCSUchlfWSe3uLmlPfigevRItzQ==",
      "engines": {
        "node": ">=12"
      }
    },
    "node_modules/oracledb": {
      "version": "5.5.0",
      "resolved": "https://registry.npmjs.org/oracledb/-/oracledb-5.5.0.tgz",
      "integrity": "sha512-i5cPvMENpZP8nnqptB6l0pjiOyySj1IISkbM4Hr3yZEDdANo2eezarwZb9NQ8fTh5pRjmgpZdSyIbnn9N3AENw==",
      "hasInstallScript": true,
      "engines": {
        "node": ">=10.16"
      }
    },
    "node_modules/typescript": {
      "version": "5.0.2",
      "resolved": "https://registry.npmjs.org/typescript/-/typescript-5.0.2.tgz",
      "integrity": "sha512-wVORMBGO/FAs/++blGNeAVdbNKtIh1rbBL2EyQ1+J9lClJ93KiiKe8PmFIVdXhHcyv44SL9oglmfeSsndo0jRw==",
      "bin": {
        "tsc": "bin/tsc",
        "tsserver": "bin/tsserver"
      },
      "engines": {
        "node": ">=12.20"
      }
    }
  },
  "dependencies": {
    "@types/node": {
      "version": "18.15.3",
      "resolved": "https://registry.npmjs.org/@types/node/-/node-18.15.3.tgz",
      "integrity": "sha512-p6ua9zBxz5otCmbpb5D3U4B5Nanw6Pk3PPyX05xnxbB/fRv71N7CPmORg7uAD5P70T0xmx1pzAx/FUfa5X+3cw=="
    },
    "@types/oracledb": {
      "version": "5.2.4",
      "resolved": "https://registry.npmjs.org/@types/oracledb/-/oracledb-5.2.4.tgz",
      "integrity": "sha512-LalV4PvjLZtNERITHyXlPLhZvE4O8HKCRZz46reIj5QV+gpVFLtAr05Ghsg53Ujk03ldK6itUyVNITELSRluZA==",
      "requires": {
        "@types/node": "*",
        "dotenv": "^8.2.0"
      },
      "dependencies": {
        "dotenv": {
          "version": "8.6.0",
          "resolved": "https://registry.npmjs.org/dotenv/-/dotenv-8.6.0.tgz",
          "integrity": "sha512-IrPdXQsk2BbzvCBGBOTmmSH5SodmqZNt4ERAZDmW4CT+tL8VtvinqywuANaFu4bOMWki16nqf0e4oC0QIaDr/g=="
        }
      }
    },
    "dotenv": {
      "version": "16.0.3",
      "resolved": "https://registry.npmjs.org/dotenv/-/dotenv-16.0.3.tgz",
      "integrity": "sha512-7GO6HghkA5fYG9TYnNxi14/7K9f5occMlp3zXAuSxn7CKCxt9xbNWG7yF8hTCSUchlfWSe3uLmlPfigevRItzQ=="
    },
    "oracledb": {
      "version": "5.5.0",
      "resolved": "https://registry.npmjs.org/oracledb/-/oracledb-5.5.0.tgz",
      "integrity": "sha512-i5cPvMENpZP8nnqptB6l0pjiOyySj1IISkbM4Hr3yZEDdANo2eezarwZb9NQ8fTh5pRjmgpZdSyIbnn9N3AENw=="
    },
    "typescript": {
      "version": "5.0.2",
      "resolved": "https://registry.npmjs.org/typescript/-/typescript-5.0.2.tgz",
      "integrity": "sha512-wVORMBGO/FAs/++blGNeAVdbNKtIh1rbBL2EyQ1+J9lClJ93KiiKe8PmFIVdXhHcyv44SL9oglmfeSsndo0jRw=="
    }
  }
}
